// !$*UTF8*$!
{
	archiveVersion = 1;
	classes = {
	};
	objectVersion = 46;
	objects = {

/* Begin PBXBuildFile section */
		347B5D0E084EC544F7CF747C /* Pods_WishMaker.framework in Frameworks */ = {isa = PBXBuildFile; fileRef = 7C8384A466DFB2BF1DCDC635 /* Pods_WishMaker.framework */; };
		3F34AA331EC362CA00743663 /* AuthHelper.swift in Sources */ = {isa = PBXBuildFile; fileRef = 3F34AA311EC362CA00743663 /* AuthHelper.swift */; };
		3F34AA341EC362CA00743663 /* ImageConverter.swift in Sources */ = {isa = PBXBuildFile; fileRef = 3F34AA321EC362CA00743663 /* ImageConverter.swift */; };
		3F34AA361EC362DC00743663 /* UserInfoModel.swift in Sources */ = {isa = PBXBuildFile; fileRef = 3F34AA351EC362DC00743663 /* UserInfoModel.swift */; };
		3F875B4F1EC34538004568E8 /* WorkTableViewController.swift in Sources */ = {isa = PBXBuildFile; fileRef = 3F875B4E1EC34538004568E8 /* WorkTableViewController.swift */; };
		3F875B511EC34DDE004568E8 /* SplashViewController.swift in Sources */ = {isa = PBXBuildFile; fileRef = 3F875B501EC34DDE004568E8 /* SplashViewController.swift */; };
		3FF0B2591EBA25A100EDDFCB /* OrderModel.swift in Sources */ = {isa = PBXBuildFile; fileRef = 3FF0B2571EBA25A100EDDFCB /* OrderModel.swift */; };
		3FF0B25A1EBA25A100EDDFCB /* UserModel.swift in Sources */ = {isa = PBXBuildFile; fileRef = 3FF0B2581EBA25A100EDDFCB /* UserModel.swift */; };
		AB46D2E81EC123E900452979 /* OrderListModel.swift in Sources */ = {isa = PBXBuildFile; fileRef = AB46D2E71EC123E900452979 /* OrderListModel.swift */; };
		ABD89ECA1EBF3CEB009C4061 /* AlertsFile.swift in Sources */ = {isa = PBXBuildFile; fileRef = ABD89EC91EBF3CEB009C4061 /* AlertsFile.swift */; };
		F401349C1EBF6FDD00799C26 /* MyOrdersViewCell.swift in Sources */ = {isa = PBXBuildFile; fileRef = F401349B1EBF6FDD00799C26 /* MyOrdersViewCell.swift */; };
		F41660721EB0E0FB008EC75D /* RegistrationController.swift in Sources */ = {isa = PBXBuildFile; fileRef = F41660711EB0E0FB008EC75D /* RegistrationController.swift */; };
		F41660741EB0E187008EC75D /* AuthorizationController.swift in Sources */ = {isa = PBXBuildFile; fileRef = F41660731EB0E187008EC75D /* AuthorizationController.swift */; };
		F41660771EB0E21A008EC75D /* ProfileController.swift in Sources */ = {isa = PBXBuildFile; fileRef = F41660761EB0E21A008EC75D /* ProfileController.swift */; };
		F42A08E51EB688C8009A5714 /* MaskFieldBrackets.swift in Sources */ = {isa = PBXBuildFile; fileRef = F42A08E41EB688C8009A5714 /* MaskFieldBrackets.swift */; };
		F42A08E71EB688FF009A5714 /* MaskFieldEvent.swift in Sources */ = {isa = PBXBuildFile; fileRef = F42A08E61EB688FF009A5714 /* MaskFieldEvent.swift */; };
		F42A08E91EB68946009A5714 /* MaskFieldPatternCharacter.swift in Sources */ = {isa = PBXBuildFile; fileRef = F42A08E81EB68946009A5714 /* MaskFieldPatternCharacter.swift */; };
		F42A08EB1EB68978009A5714 /* MaskFieldStatus.swift in Sources */ = {isa = PBXBuildFile; fileRef = F42A08EA1EB68978009A5714 /* MaskFieldStatus.swift */; };
		F42A08ED1EB689A9009A5714 /* MaskFieldUtility.swift in Sources */ = {isa = PBXBuildFile; fileRef = F42A08EC1EB689A9009A5714 /* MaskFieldUtility.swift */; };
		F42A08EF1EB693C7009A5714 /* ItemController.swift in Sources */ = {isa = PBXBuildFile; fileRef = F42A08EE1EB693C7009A5714 /* ItemController.swift */; };
		F44105571EC1047200A8C8D9 /* MyOrderTableViewController.swift in Sources */ = {isa = PBXBuildFile; fileRef = F44105561EC1047200A8C8D9 /* MyOrderTableViewController.swift */; };
		F44105591EC104A400A8C8D9 /* SearchTableViewCell.swift in Sources */ = {isa = PBXBuildFile; fileRef = F44105581EC104A400A8C8D9 /* SearchTableViewCell.swift */; };
		F441055B1EC1072700A8C8D9 /* SearchTableViewController.swift in Sources */ = {isa = PBXBuildFile; fileRef = F441055A1EC1072700A8C8D9 /* SearchTableViewController.swift */; };
		F441055D1EC1097800A8C8D9 /* CustomerViewController.swift in Sources */ = {isa = PBXBuildFile; fileRef = F441055C1EC1097800A8C8D9 /* CustomerViewController.swift */; };
		F4742B401EC113D900E3EB0D /* AllButtons.swift in Sources */ = {isa = PBXBuildFile; fileRef = F4742B3F1EC113D900E3EB0D /* AllButtons.swift */; };
		F4D12A9D1EB6857400B549BF /* MaskField.swift in Sources */ = {isa = PBXBuildFile; fileRef = F4D12A9C1EB6857400B549BF /* MaskField.swift */; };
		F4D12A9F1EB6866900B549BF /* MaskFieldBlock.swift in Sources */ = {isa = PBXBuildFile; fileRef = F4D12A9E1EB6866900B549BF /* MaskFieldBlock.swift */; };
		F4D12AA21EB6870D00B549BF /* MaskFieldBlockCharacter.swift in Sources */ = {isa = PBXBuildFile; fileRef = F4D12AA11EB6870D00B549BF /* MaskFieldBlockCharacter.swift */; };
		F4DEED6B1EACE2B100899DE2 /* AppDelegate.swift in Sources */ = {isa = PBXBuildFile; fileRef = F4DEED6A1EACE2B100899DE2 /* AppDelegate.swift */; };
		F4DEED701EACE2B100899DE2 /* Main.storyboard in Resources */ = {isa = PBXBuildFile; fileRef = F4DEED6E1EACE2B100899DE2 /* Main.storyboard */; };
		F4DEED721EACE2B100899DE2 /* Assets.xcassets in Resources */ = {isa = PBXBuildFile; fileRef = F4DEED711EACE2B100899DE2 /* Assets.xcassets */; };
		F4DEED751EACE2B100899DE2 /* LaunchScreen.storyboard in Resources */ = {isa = PBXBuildFile; fileRef = F4DEED731EACE2B100899DE2 /* LaunchScreen.storyboard */; };
		F4F70FC41EC0C1F5005D3CF2 /* wareaglei.ttf in Resources */ = {isa = PBXBuildFile; fileRef = F4F70FC31EC0C1F5005D3CF2 /* wareaglei.ttf */; };
/* End PBXBuildFile section */

/* Begin PBXFileReference section */
		3F34AA311EC362CA00743663 /* AuthHelper.swift */ = {isa = PBXFileReference; fileEncoding = 4; lastKnownFileType = sourcecode.swift; path = AuthHelper.swift; sourceTree = "<group>"; };
		3F34AA321EC362CA00743663 /* ImageConverter.swift */ = {isa = PBXFileReference; fileEncoding = 4; lastKnownFileType = sourcecode.swift; path = ImageConverter.swift; sourceTree = "<group>"; };
		3F34AA351EC362DC00743663 /* UserInfoModel.swift */ = {isa = PBXFileReference; fileEncoding = 4; lastKnownFileType = sourcecode.swift; path = UserInfoModel.swift; sourceTree = "<group>"; };
		3F875B4E1EC34538004568E8 /* WorkTableViewController.swift */ = {isa = PBXFileReference; fileEncoding = 4; lastKnownFileType = sourcecode.swift; name = WorkTableViewController.swift; path = "Сustomer/WorkTableViewController.swift"; sourceTree = "<group>"; };
		3F875B501EC34DDE004568E8 /* SplashViewController.swift */ = {isa = PBXFileReference; fileEncoding = 4; lastKnownFileType = sourcecode.swift; path = SplashViewController.swift; sourceTree = "<group>"; };
		3FF0B2571EBA25A100EDDFCB /* OrderModel.swift */ = {isa = PBXFileReference; fileEncoding = 4; lastKnownFileType = sourcecode.swift; path = OrderModel.swift; sourceTree = "<group>"; };
		3FF0B2581EBA25A100EDDFCB /* UserModel.swift */ = {isa = PBXFileReference; fileEncoding = 4; lastKnownFileType = sourcecode.swift; path = UserModel.swift; sourceTree = "<group>"; };
		5C67C3B6536EEFAE57B4B2BA /* Pods-WishMaker.release.xcconfig */ = {isa = PBXFileReference; includeInIndex = 1; lastKnownFileType = text.xcconfig; name = "Pods-WishMaker.release.xcconfig"; path = "Pods/Target Support Files/Pods-WishMaker/Pods-WishMaker.release.xcconfig"; sourceTree = "<group>"; };
		7C8384A466DFB2BF1DCDC635 /* Pods_WishMaker.framework */ = {isa = PBXFileReference; explicitFileType = wrapper.framework; includeInIndex = 0; path = Pods_WishMaker.framework; sourceTree = BUILT_PRODUCTS_DIR; };
		AB46D2E71EC123E900452979 /* OrderListModel.swift */ = {isa = PBXFileReference; fileEncoding = 4; lastKnownFileType = sourcecode.swift; path = OrderListModel.swift; sourceTree = "<group>"; };
		ABD89EC91EBF3CEB009C4061 /* AlertsFile.swift */ = {isa = PBXFileReference; fileEncoding = 4; lastKnownFileType = sourcecode.swift; path = AlertsFile.swift; sourceTree = "<group>"; };
		AC29EDD8DA5C69581103D15F /* Pods-WishMaker.debug.xcconfig */ = {isa = PBXFileReference; includeInIndex = 1; lastKnownFileType = text.xcconfig; name = "Pods-WishMaker.debug.xcconfig"; path = "Pods/Target Support Files/Pods-WishMaker/Pods-WishMaker.debug.xcconfig"; sourceTree = "<group>"; };
		F401349B1EBF6FDD00799C26 /* MyOrdersViewCell.swift */ = {isa = PBXFileReference; fileEncoding = 4; lastKnownFileType = sourcecode.swift; name = MyOrdersViewCell.swift; path = "Сustomer/MyOrdersViewCell.swift"; sourceTree = "<group>"; };
		F41660711EB0E0FB008EC75D /* RegistrationController.swift */ = {isa = PBXFileReference; fileEncoding = 4; lastKnownFileType = sourcecode.swift; path = RegistrationController.swift; sourceTree = "<group>"; };
		F41660731EB0E187008EC75D /* AuthorizationController.swift */ = {isa = PBXFileReference; fileEncoding = 4; lastKnownFileType = sourcecode.swift; path = AuthorizationController.swift; sourceTree = "<group>"; };
		F41660761EB0E21A008EC75D /* ProfileController.swift */ = {isa = PBXFileReference; fileEncoding = 4; lastKnownFileType = sourcecode.swift; path = ProfileController.swift; sourceTree = "<group>"; };
		F42A08E41EB688C8009A5714 /* MaskFieldBrackets.swift */ = {isa = PBXFileReference; fileEncoding = 4; lastKnownFileType = sourcecode.swift; path = MaskFieldBrackets.swift; sourceTree = "<group>"; };
		F42A08E61EB688FF009A5714 /* MaskFieldEvent.swift */ = {isa = PBXFileReference; fileEncoding = 4; lastKnownFileType = sourcecode.swift; path = MaskFieldEvent.swift; sourceTree = "<group>"; };
		F42A08E81EB68946009A5714 /* MaskFieldPatternCharacter.swift */ = {isa = PBXFileReference; fileEncoding = 4; lastKnownFileType = sourcecode.swift; path = MaskFieldPatternCharacter.swift; sourceTree = "<group>"; };
		F42A08EA1EB68978009A5714 /* MaskFieldStatus.swift */ = {isa = PBXFileReference; fileEncoding = 4; lastKnownFileType = sourcecode.swift; path = MaskFieldStatus.swift; sourceTree = "<group>"; };
		F42A08EC1EB689A9009A5714 /* MaskFieldUtility.swift */ = {isa = PBXFileReference; fileEncoding = 4; lastKnownFileType = sourcecode.swift; path = MaskFieldUtility.swift; sourceTree = "<group>"; };
		F42A08EE1EB693C7009A5714 /* ItemController.swift */ = {isa = PBXFileReference; fileEncoding = 4; lastKnownFileType = sourcecode.swift; path = ItemController.swift; sourceTree = "<group>"; };
		F44105561EC1047200A8C8D9 /* MyOrderTableViewController.swift */ = {isa = PBXFileReference; fileEncoding = 4; lastKnownFileType = sourcecode.swift; name = MyOrderTableViewController.swift; path = "Сustomer/MyOrderTableViewController.swift"; sourceTree = "<group>"; };
		F44105581EC104A400A8C8D9 /* SearchTableViewCell.swift */ = {isa = PBXFileReference; fileEncoding = 4; lastKnownFileType = sourcecode.swift; name = SearchTableViewCell.swift; path = "Сustomer/SearchTableViewCell.swift"; sourceTree = "<group>"; };
		F441055A1EC1072700A8C8D9 /* SearchTableViewController.swift */ = {isa = PBXFileReference; fileEncoding = 4; lastKnownFileType = sourcecode.swift; name = SearchTableViewController.swift; path = "Сustomer/SearchTableViewController.swift"; sourceTree = "<group>"; };
		F441055C1EC1097800A8C8D9 /* CustomerViewController.swift */ = {isa = PBXFileReference; fileEncoding = 4; lastKnownFileType = sourcecode.swift; path = CustomerViewController.swift; sourceTree = "<group>"; };
		F4742B3F1EC113D900E3EB0D /* AllButtons.swift */ = {isa = PBXFileReference; fileEncoding = 4; lastKnownFileType = sourcecode.swift; path = AllButtons.swift; sourceTree = "<group>"; };
		F4D12A9C1EB6857400B549BF /* MaskField.swift */ = {isa = PBXFileReference; fileEncoding = 4; lastKnownFileType = sourcecode.swift; path = MaskField.swift; sourceTree = "<group>"; };
		F4D12A9E1EB6866900B549BF /* MaskFieldBlock.swift */ = {isa = PBXFileReference; fileEncoding = 4; lastKnownFileType = sourcecode.swift; path = MaskFieldBlock.swift; sourceTree = "<group>"; };
		F4D12AA01EB686C900B549BF /* MaskField.h */ = {isa = PBXFileReference; fileEncoding = 4; lastKnownFileType = sourcecode.c.h; path = MaskField.h; sourceTree = "<group>"; };
		F4D12AA11EB6870D00B549BF /* MaskFieldBlockCharacter.swift */ = {isa = PBXFileReference; fileEncoding = 4; lastKnownFileType = sourcecode.swift; path = MaskFieldBlockCharacter.swift; sourceTree = "<group>"; };
		F4DEED671EACE2B100899DE2 /* WishMaker.app */ = {isa = PBXFileReference; explicitFileType = wrapper.application; includeInIndex = 0; path = WishMaker.app; sourceTree = BUILT_PRODUCTS_DIR; };
		F4DEED6A1EACE2B100899DE2 /* AppDelegate.swift */ = {isa = PBXFileReference; lastKnownFileType = sourcecode.swift; path = AppDelegate.swift; sourceTree = "<group>"; };
		F4DEED6F1EACE2B100899DE2 /* Base */ = {isa = PBXFileReference; lastKnownFileType = file.storyboard; name = Base; path = Base.lproj/Main.storyboard; sourceTree = "<group>"; };
		F4DEED711EACE2B100899DE2 /* Assets.xcassets */ = {isa = PBXFileReference; lastKnownFileType = folder.assetcatalog; path = Assets.xcassets; sourceTree = "<group>"; };
		F4DEED741EACE2B100899DE2 /* Base */ = {isa = PBXFileReference; lastKnownFileType = file.storyboard; name = Base; path = Base.lproj/LaunchScreen.storyboard; sourceTree = "<group>"; };
		F4DEED761EACE2B100899DE2 /* Info.plist */ = {isa = PBXFileReference; lastKnownFileType = text.plist.xml; path = Info.plist; sourceTree = "<group>"; };
		F4F70FC31EC0C1F5005D3CF2 /* wareaglei.ttf */ = {isa = PBXFileReference; lastKnownFileType = file; path = wareaglei.ttf; sourceTree = "<group>"; };
/* End PBXFileReference section */

/* Begin PBXFrameworksBuildPhase section */
		F4DEED641EACE2B100899DE2 /* Frameworks */ = {
			isa = PBXFrameworksBuildPhase;
			buildActionMask = 2147483647;
			files = (
				347B5D0E084EC544F7CF747C /* Pods_WishMaker.framework in Frameworks */,
			);
			runOnlyForDeploymentPostprocessing = 0;
		};
/* End PBXFrameworksBuildPhase section */

/* Begin PBXGroup section */
		2154788F9A3B78F1A7BD1870 /* Frameworks */ = {
			isa = PBXGroup;
			children = (
				7C8384A466DFB2BF1DCDC635 /* Pods_WishMaker.framework */,
			);
			name = Frameworks;
			sourceTree = "<group>";
		};
		3FF0B2521EBA253600EDDFCB /* Models */ = {
			isa = PBXGroup;
			children = (
				3F34AA351EC362DC00743663 /* UserInfoModel.swift */,
				3FF0B2571EBA25A100EDDFCB /* OrderModel.swift */,
				3FF0B2581EBA25A100EDDFCB /* UserModel.swift */,
				AB46D2E71EC123E900452979 /* OrderListModel.swift */,
			);
			name = Models;
			sourceTree = "<group>";
		};
		8D5AB56B633803D4645F807E /* Pods */ = {
			isa = PBXGroup;
			children = (
				AC29EDD8DA5C69581103D15F /* Pods-WishMaker.debug.xcconfig */,
				5C67C3B6536EEFAE57B4B2BA /* Pods-WishMaker.release.xcconfig */,
			);
			name = Pods;
			sourceTree = "<group>";
		};
		F410F86E1EBE13610066487B /* Classes */ = {
			isa = PBXGroup;
			children = (
				3F34AA311EC362CA00743663 /* AuthHelper.swift */,
				3F34AA321EC362CA00743663 /* ImageConverter.swift */,
				ABD89EC91EBF3CEB009C4061 /* AlertsFile.swift */,
			);
			name = Classes;
			sourceTree = "<group>";
		};
		F41660751EB0E1B2008EC75D /* Controllers */ = {
			isa = PBXGroup;
			children = (
				F41660731EB0E187008EC75D /* AuthorizationController.swift */,
				F41660711EB0E0FB008EC75D /* RegistrationController.swift */,
				F41660761EB0E21A008EC75D /* ProfileController.swift */,
				F42A08EE1EB693C7009A5714 /* ItemController.swift */,
				F441055C1EC1097800A8C8D9 /* CustomerViewController.swift */,
				3F875B501EC34DDE004568E8 /* SplashViewController.swift */,
			);
			name = Controllers;
			sourceTree = "<group>";
		};
		F44105431EC0FA6D00A8C8D9 /* Cells */ = {
			isa = PBXGroup;
			children = (
				F401349B1EBF6FDD00799C26 /* MyOrdersViewCell.swift */,
				F44105581EC104A400A8C8D9 /* SearchTableViewCell.swift */,
			);
			name = Cells;
			path = ..;
			sourceTree = "<group>";
		};
		F44105451EC0FA8500A8C8D9 /* TableViews */ = {
			isa = PBXGroup;
			children = (
				F44105561EC1047200A8C8D9 /* MyOrderTableViewController.swift */,
				F441055A1EC1072700A8C8D9 /* SearchTableViewController.swift */,
				3F875B4E1EC34538004568E8 /* WorkTableViewController.swift */,
			);
			name = TableViews;
			path = ..;
			sourceTree = "<group>";
		};
		F4D12A9B1EB6854000B549BF /* PhoneTextField */ = {
			isa = PBXGroup;
			children = (
				F4D12A9C1EB6857400B549BF /* MaskField.swift */,
				F4D12A9E1EB6866900B549BF /* MaskFieldBlock.swift */,
				F4D12AA01EB686C900B549BF /* MaskField.h */,
				F4D12AA11EB6870D00B549BF /* MaskFieldBlockCharacter.swift */,
				F42A08E41EB688C8009A5714 /* MaskFieldBrackets.swift */,
				F42A08E61EB688FF009A5714 /* MaskFieldEvent.swift */,
				F42A08E81EB68946009A5714 /* MaskFieldPatternCharacter.swift */,
				F42A08EA1EB68978009A5714 /* MaskFieldStatus.swift */,
				F42A08EC1EB689A9009A5714 /* MaskFieldUtility.swift */,
			);
			name = PhoneTextField;
			sourceTree = "<group>";
		};
		F4DEED5E1EACE2B100899DE2 = {
			isa = PBXGroup;
			children = (
				F4DEED691EACE2B100899DE2 /* WishMaker */,
				F4DEED681EACE2B100899DE2 /* Products */,
				8D5AB56B633803D4645F807E /* Pods */,
				2154788F9A3B78F1A7BD1870 /* Frameworks */,
			);
			sourceTree = "<group>";
		};
		F4DEED681EACE2B100899DE2 /* Products */ = {
			isa = PBXGroup;
			children = (
				F4DEED671EACE2B100899DE2 /* WishMaker.app */,
			);
			name = Products;
			sourceTree = "<group>";
		};
		F4DEED691EACE2B100899DE2 /* WishMaker */ = {
			isa = PBXGroup;
			children = (
				F44105451EC0FA8500A8C8D9 /* TableViews */,
				F44105431EC0FA6D00A8C8D9 /* Cells */,
				F4F70FC21EC0C1E4005D3CF2 /* Support Files */,
				F410F86E1EBE13610066487B /* Classes */,
				3FF0B2521EBA253600EDDFCB /* Models */,
				F4D12A9B1EB6854000B549BF /* PhoneTextField */,
				F41660751EB0E1B2008EC75D /* Controllers */,
				F4DEED6A1EACE2B100899DE2 /* AppDelegate.swift */,
				F4DEED6E1EACE2B100899DE2 /* Main.storyboard */,
				F4DEED711EACE2B100899DE2 /* Assets.xcassets */,
				F4DEED731EACE2B100899DE2 /* LaunchScreen.storyboard */,
				F4DEED761EACE2B100899DE2 /* Info.plist */,
			);
			name = WishMaker;
			path = "Сustomer";
			sourceTree = "<group>";
		};
		F4F70FC21EC0C1E4005D3CF2 /* Support Files */ = {
			isa = PBXGroup;
			children = (
				F4F70FC31EC0C1F5005D3CF2 /* wareaglei.ttf */,
				F4742B3F1EC113D900E3EB0D /* AllButtons.swift */,
			);
			name = "Support Files";
			sourceTree = "<group>";
		};
/* End PBXGroup section */

/* Begin PBXNativeTarget section */
		F4DEED661EACE2B100899DE2 /* WishMaker */ = {
			isa = PBXNativeTarget;
			buildConfigurationList = F4DEED791EACE2B100899DE2 /* Build configuration list for PBXNativeTarget "WishMaker" */;
			buildPhases = (
				D274471CB377E91D1D20DD44 /* [CP] Check Pods Manifest.lock */,
				F4DEED631EACE2B100899DE2 /* Sources */,
				F4DEED641EACE2B100899DE2 /* Frameworks */,
				F4DEED651EACE2B100899DE2 /* Resources */,
				5A03E09CD6848BB3E5BB2288 /* [CP] Embed Pods Frameworks */,
				036957C0D81226053E588CC6 /* [CP] Copy Pods Resources */,
			);
			buildRules = (
			);
			dependencies = (
			);
			name = WishMaker;
			productName = "Сustomer";
			productReference = F4DEED671EACE2B100899DE2 /* WishMaker.app */;
			productType = "com.apple.product-type.application";
		};
/* End PBXNativeTarget section */

/* Begin PBXProject section */
		F4DEED5F1EACE2B100899DE2 /* Project object */ = {
			isa = PBXProject;
			attributes = {
				LastSwiftUpdateCheck = 0820;
				LastUpgradeCheck = 0820;
				ORGANIZATIONNAME = Company;
				TargetAttributes = {
					F4DEED661EACE2B100899DE2 = {
						CreatedOnToolsVersion = 8.2.1;
						ProvisioningStyle = Automatic;
					};
				};
			};
			buildConfigurationList = F4DEED621EACE2B100899DE2 /* Build configuration list for PBXProject "WishMaker" */;
			compatibilityVersion = "Xcode 3.2";
			developmentRegion = English;
			hasScannedForEncodings = 0;
			knownRegions = (
				en,
				Base,
			);
			mainGroup = F4DEED5E1EACE2B100899DE2;
			productRefGroup = F4DEED681EACE2B100899DE2 /* Products */;
			projectDirPath = "";
			projectRoot = "";
			targets = (
				F4DEED661EACE2B100899DE2 /* WishMaker */,
			);
		};
/* End PBXProject section */

/* Begin PBXResourcesBuildPhase section */
		F4DEED651EACE2B100899DE2 /* Resources */ = {
			isa = PBXResourcesBuildPhase;
			buildActionMask = 2147483647;
			files = (
				F4DEED751EACE2B100899DE2 /* LaunchScreen.storyboard in Resources */,
				F4DEED721EACE2B100899DE2 /* Assets.xcassets in Resources */,
				F4F70FC41EC0C1F5005D3CF2 /* wareaglei.ttf in Resources */,
				F4DEED701EACE2B100899DE2 /* Main.storyboard in Resources */,
			);
			runOnlyForDeploymentPostprocessing = 0;
		};
/* End PBXResourcesBuildPhase section */

/* Begin PBXShellScriptBuildPhase section */
		036957C0D81226053E588CC6 /* [CP] Copy Pods Resources */ = {
			isa = PBXShellScriptBuildPhase;
			buildActionMask = 2147483647;
			files = (
			);
			inputPaths = (
			);
			name = "[CP] Copy Pods Resources";
			outputPaths = (
			);
			runOnlyForDeploymentPostprocessing = 0;
			shellPath = /bin/sh;
			shellScript = "\"${SRCROOT}/Pods/Target Support Files/Pods-WishMaker/Pods-WishMaker-resources.sh\"\n";
			showEnvVarsInLog = 0;
		};
		5A03E09CD6848BB3E5BB2288 /* [CP] Embed Pods Frameworks */ = {
			isa = PBXShellScriptBuildPhase;
			buildActionMask = 2147483647;
			files = (
			);
			inputPaths = (
			);
			name = "[CP] Embed Pods Frameworks";
			outputPaths = (
			);
			runOnlyForDeploymentPostprocessing = 0;
			shellPath = /bin/sh;
			shellScript = "\"${SRCROOT}/Pods/Target Support Files/Pods-WishMaker/Pods-WishMaker-frameworks.sh\"\n";
			showEnvVarsInLog = 0;
		};
		D274471CB377E91D1D20DD44 /* [CP] Check Pods Manifest.lock */ = {
			isa = PBXShellScriptBuildPhase;
			buildActionMask = 2147483647;
			files = (
			);
			inputPaths = (
			);
			name = "[CP] Check Pods Manifest.lock";
			outputPaths = (
			);
			runOnlyForDeploymentPostprocessing = 0;
			shellPath = /bin/sh;
			shellScript = "diff \"${PODS_PODFILE_DIR_PATH}/Podfile.lock\" \"${PODS_ROOT}/Manifest.lock\" > /dev/null\nif [ $? != 0 ] ; then\n    # print error to STDERR\n    echo \"error: The sandbox is not in sync with the Podfile.lock. Run 'pod install' or update your CocoaPods installation.\" >&2\n    exit 1\nfi\n";
			showEnvVarsInLog = 0;
		};
/* End PBXShellScriptBuildPhase section */

/* Begin PBXSourcesBuildPhase section */
		F4DEED631EACE2B100899DE2 /* Sources */ = {
			isa = PBXSourcesBuildPhase;
			buildActionMask = 2147483647;
			files = (
				F441055D1EC1097800A8C8D9 /* CustomerViewController.swift in Sources */,
				F4D12A9F1EB6866900B549BF /* MaskFieldBlock.swift in Sources */,
				F441055B1EC1072700A8C8D9 /* SearchTableViewController.swift in Sources */,
				F42A08ED1EB689A9009A5714 /* MaskFieldUtility.swift in Sources */,
				F42A08E51EB688C8009A5714 /* MaskFieldBrackets.swift in Sources */,
				F41660771EB0E21A008EC75D /* ProfileController.swift in Sources */,
				AB46D2E81EC123E900452979 /* OrderListModel.swift in Sources */,
				F4D12A9D1EB6857400B549BF /* MaskField.swift in Sources */,
				F44105591EC104A400A8C8D9 /* SearchTableViewCell.swift in Sources */,
				3F875B511EC34DDE004568E8 /* SplashViewController.swift in Sources */,
				F42A08E91EB68946009A5714 /* MaskFieldPatternCharacter.swift in Sources */,
				3F34AA331EC362CA00743663 /* AuthHelper.swift in Sources */,
				3F875B4F1EC34538004568E8 /* WorkTableViewController.swift in Sources */,
				ABD89ECA1EBF3CEB009C4061 /* AlertsFile.swift in Sources */,
				3FF0B25A1EBA25A100EDDFCB /* UserModel.swift in Sources */,
				3FF0B2591EBA25A100EDDFCB /* OrderModel.swift in Sources */,
				F41660741EB0E187008EC75D /* AuthorizationController.swift in Sources */,
				F41660721EB0E0FB008EC75D /* RegistrationController.swift in Sources */,
				3F34AA361EC362DC00743663 /* UserInfoModel.swift in Sources */,
				F42A08EB1EB68978009A5714 /* MaskFieldStatus.swift in Sources */,
				F4DEED6B1EACE2B100899DE2 /* AppDelegate.swift in Sources */,
				F42A08E71EB688FF009A5714 /* MaskFieldEvent.swift in Sources */,
				F42A08EF1EB693C7009A5714 /* ItemController.swift in Sources */,
				F4D12AA21EB6870D00B549BF /* MaskFieldBlockCharacter.swift in Sources */,
				3F34AA341EC362CA00743663 /* ImageConverter.swift in Sources */,
				F44105571EC1047200A8C8D9 /* MyOrderTableViewController.swift in Sources */,
				F4742B401EC113D900E3EB0D /* AllButtons.swift in Sources */,
				F401349C1EBF6FDD00799C26 /* MyOrdersViewCell.swift in Sources */,
			);
			runOnlyForDeploymentPostprocessing = 0;
		};
/* End PBXSourcesBuildPhase section */

/* Begin PBXVariantGroup section */
		F4DEED6E1EACE2B100899DE2 /* Main.storyboard */ = {
			isa = PBXVariantGroup;
			children = (
				F4DEED6F1EACE2B100899DE2 /* Base */,
			);
			name = Main.storyboard;
			sourceTree = "<group>";
		};
		F4DEED731EACE2B100899DE2 /* LaunchScreen.storyboard */ = {
			isa = PBXVariantGroup;
			children = (
				F4DEED741EACE2B100899DE2 /* Base */,
			);
			name = LaunchScreen.storyboard;
			sourceTree = "<group>";
		};
/* End PBXVariantGroup section */

/* Begin XCBuildConfiguration section */
		F4DEED771EACE2B100899DE2 /* Debug */ = {
			isa = XCBuildConfiguration;
			buildSettings = {
				ALWAYS_SEARCH_USER_PATHS = NO;
				CLANG_ANALYZER_NONNULL = YES;
				CLANG_CXX_LANGUAGE_STANDARD = "gnu++0x";
				CLANG_CXX_LIBRARY = "libc++";
				CLANG_ENABLE_MODULES = YES;
				CLANG_ENABLE_OBJC_ARC = YES;
				CLANG_WARN_BOOL_CONVERSION = YES;
				CLANG_WARN_CONSTANT_CONVERSION = YES;
				CLANG_WARN_DIRECT_OBJC_ISA_USAGE = YES_ERROR;
				CLANG_WARN_DOCUMENTATION_COMMENTS = YES;
				CLANG_WARN_EMPTY_BODY = YES;
				CLANG_WARN_ENUM_CONVERSION = YES;
				CLANG_WARN_INFINITE_RECURSION = YES;
				CLANG_WARN_INT_CONVERSION = YES;
				CLANG_WARN_OBJC_ROOT_CLASS = YES_ERROR;
				CLANG_WARN_SUSPICIOUS_MOVE = YES;
				CLANG_WARN_UNREACHABLE_CODE = YES;
				CLANG_WARN__DUPLICATE_METHOD_MATCH = YES;
				"CODE_SIGN_IDENTITY[sdk=iphoneos*]" = "iPhone Developer";
				COPY_PHASE_STRIP = NO;
				DEBUG_INFORMATION_FORMAT = dwarf;
				ENABLE_STRICT_OBJC_MSGSEND = YES;
				ENABLE_TESTABILITY = YES;
				GCC_C_LANGUAGE_STANDARD = gnu99;
				GCC_DYNAMIC_NO_PIC = NO;
				GCC_NO_COMMON_BLOCKS = YES;
				GCC_OPTIMIZATION_LEVEL = 0;
				GCC_PREPROCESSOR_DEFINITIONS = (
					"DEBUG=1",
					"$(inherited)",
				);
				GCC_WARN_64_TO_32_BIT_CONVERSION = YES;
				GCC_WARN_ABOUT_RETURN_TYPE = YES_ERROR;
				GCC_WARN_UNDECLARED_SELECTOR = YES;
				GCC_WARN_UNINITIALIZED_AUTOS = YES_AGGRESSIVE;
				GCC_WARN_UNUSED_FUNCTION = YES;
				GCC_WARN_UNUSED_VARIABLE = YES;
				IPHONEOS_DEPLOYMENT_TARGET = 10.2;
				MTL_ENABLE_DEBUG_INFO = YES;
				ONLY_ACTIVE_ARCH = YES;
				SDKROOT = iphoneos;
				SWIFT_ACTIVE_COMPILATION_CONDITIONS = DEBUG;
				SWIFT_OPTIMIZATION_LEVEL = "-Onone";
			};
			name = Debug;
		};
		F4DEED781EACE2B100899DE2 /* Release */ = {
			isa = XCBuildConfiguration;
			buildSettings = {
				ALWAYS_SEARCH_USER_PATHS = NO;
				CLANG_ANALYZER_NONNULL = YES;
				CLANG_CXX_LANGUAGE_STANDARD = "gnu++0x";
				CLANG_CXX_LIBRARY = "libc++";
				CLANG_ENABLE_MODULES = YES;
				CLANG_ENABLE_OBJC_ARC = YES;
				CLANG_WARN_BOOL_CONVERSION = YES;
				CLANG_WARN_CONSTANT_CONVERSION = YES;
				CLANG_WARN_DIRECT_OBJC_ISA_USAGE = YES_ERROR;
				CLANG_WARN_DOCUMENTATION_COMMENTS = YES;
				CLANG_WARN_EMPTY_BODY = YES;
				CLANG_WARN_ENUM_CONVERSION = YES;
				CLANG_WARN_INFINITE_RECURSION = YES;
				CLANG_WARN_INT_CONVERSION = YES;
				CLANG_WARN_OBJC_ROOT_CLASS = YES_ERROR;
				CLANG_WARN_SUSPICIOUS_MOVE = YES;
				CLANG_WARN_UNREACHABLE_CODE = YES;
				CLANG_WARN__DUPLICATE_METHOD_MATCH = YES;
				"CODE_SIGN_IDENTITY[sdk=iphoneos*]" = "iPhone Developer";
				COPY_PHASE_STRIP = NO;
				DEBUG_INFORMATION_FORMAT = "dwarf-with-dsym";
				ENABLE_NS_ASSERTIONS = NO;
				ENABLE_STRICT_OBJC_MSGSEND = YES;
				GCC_C_LANGUAGE_STANDARD = gnu99;
				GCC_NO_COMMON_BLOCKS = YES;
				GCC_WARN_64_TO_32_BIT_CONVERSION = YES;
				GCC_WARN_ABOUT_RETURN_TYPE = YES_ERROR;
				GCC_WARN_UNDECLARED_SELECTOR = YES;
				GCC_WARN_UNINITIALIZED_AUTOS = YES_AGGRESSIVE;
				GCC_WARN_UNUSED_FUNCTION = YES;
				GCC_WARN_UNUSED_VARIABLE = YES;
				IPHONEOS_DEPLOYMENT_TARGET = 10.2;
				MTL_ENABLE_DEBUG_INFO = NO;
				SDKROOT = iphoneos;
				SWIFT_OPTIMIZATION_LEVEL = "-Owholemodule";
				VALIDATE_PRODUCT = YES;
			};
			name = Release;
		};
		F4DEED7A1EACE2B100899DE2 /* Debug */ = {
			isa = XCBuildConfiguration;
			baseConfigurationReference = AC29EDD8DA5C69581103D15F /* Pods-WishMaker.debug.xcconfig */;
			buildSettings = {
				ASSETCATALOG_COMPILER_APPICON_NAME = AppIcon;
				INFOPLIST_FILE = "Сustomer/Info.plist";
				IPHONEOS_DEPLOYMENT_TARGET = 9.3;
				LD_RUNPATH_SEARCH_PATHS = "$(inherited) @executable_path/Frameworks";
				PRODUCT_BUNDLE_IDENTIFIER = "ru.sfedu.-ustomer";
				PRODUCT_NAME = "$(TARGET_NAME)";
				SWIFT_VERSION = 3.0;
				TARGETED_DEVICE_FAMILY = "1,2";
			};
			name = Debug;
		};
		F4DEED7B1EACE2B100899DE2 /* Release */ = {
			isa = XCBuildConfiguration;
			baseConfigurationReference = 5C67C3B6536EEFAE57B4B2BA /* Pods-WishMaker.release.xcconfig */;
			buildSettings = {
				ASSETCATALOG_COMPILER_APPICON_NAME = AppIcon;
				INFOPLIST_FILE = "Сustomer/Info.plist";
				IPHONEOS_DEPLOYMENT_TARGET = 9.3;
				LD_RUNPATH_SEARCH_PATHS = "$(inherited) @executable_path/Frameworks";
				PRODUCT_BUNDLE_IDENTIFIER = "ru.sfedu.-ustomer";
				PRODUCT_NAME = "$(TARGET_NAME)";
				SWIFT_VERSION = 3.0;
				TARGETED_DEVICE_FAMILY = "1,2";
			};
			name = Release;
		};
/* End XCBuildConfiguration section */

/* Begin XCConfigurationList section */
		F4DEED621EACE2B100899DE2 /* Build configuration list for PBXProject "WishMaker" */ = {
			isa = XCConfigurationList;
			buildConfigurations = (
				F4DEED771EACE2B100899DE2 /* Debug */,
				F4DEED781EACE2B100899DE2 /* Release */,
			);
			defaultConfigurationIsVisible = 0;
			defaultConfigurationName = Release;
		};
		F4DEED791EACE2B100899DE2 /* Build configuration list for PBXNativeTarget "WishMaker" */ = {
			isa = XCConfigurationList;
			buildConfigurations = (
				F4DEED7A1EACE2B100899DE2 /* Debug */,
				F4DEED7B1EACE2B100899DE2 /* Release */,
			);
			defaultConfigurationIsVisible = 0;
			defaultConfigurationName = Release;
		};
/* End XCConfigurationList section */
	};
	rootObject = F4DEED5F1EACE2B100899DE2 /* Project object */;
}
