// !$*UTF8*$!
{
	archiveVersion = 1;
	classes = {
	};
	objectVersion = 46;
	objects = {

/* Begin PBXBuildFile section */
		ABA95EF31EACE9D7005892EC /* AppDelegate.swift in Sources */ = {isa = PBXBuildFile; fileRef = ABA95EF21EACE9D7005892EC /* AppDelegate.swift */; };
		ABA95EF51EACE9D7005892EC /* ViewController.swift in Sources */ = {isa = PBXBuildFile; fileRef = ABA95EF41EACE9D7005892EC /* ViewController.swift */; };
		ABA95EF81EACE9D7005892EC /* Main.storyboard in Resources */ = {isa = PBXBuildFile; fileRef = ABA95EF61EACE9D7005892EC /* Main.storyboard */; };
		ABA95EFA1EACE9D7005892EC /* Assets.xcassets in Resources */ = {isa = PBXBuildFile; fileRef = ABA95EF91EACE9D7005892EC /* Assets.xcassets */; };
		ABA95EFD1EACE9D7005892EC /* LaunchScreen.storyboard in Resources */ = {isa = PBXBuildFile; fileRef = ABA95EFB1EACE9D7005892EC /* LaunchScreen.storyboard */; };
/* End PBXBuildFile section */

/* Begin PBXFileReference section */
		ABA95EEF1EACE9D7005892EC /* WishMaker.app */ = {isa = PBXFileReference; explicitFileType = wrapper.application; includeInIndex = 0; path = WishMaker.app; sourceTree = BUILT_PRODUCTS_DIR; };
		ABA95EF21EACE9D7005892EC /* AppDelegate.swift */ = {isa = PBXFileReference; lastKnownFileType = sourcecode.swift; path = AppDelegate.swift; sourceTree = "<group>"; };
		ABA95EF41EACE9D7005892EC /* ViewController.swift */ = {isa = PBXFileReference; lastKnownFileType = sourcecode.swift; path = ViewController.swift; sourceTree = "<group>"; };
		ABA95EF71EACE9D7005892EC /* Base */ = {isa = PBXFileReference; lastKnownFileType = file.storyboard; name = Base; path = Base.lproj/Main.storyboard; sourceTree = "<group>"; };
		ABA95EF91EACE9D7005892EC /* Assets.xcassets */ = {isa = PBXFileReference; lastKnownFileType = folder.assetcatalog; path = Assets.xcassets; sourceTree = "<group>"; };
		ABA95EFC1EACE9D7005892EC /* Base */ = {isa = PBXFileReference; lastKnownFileType = file.storyboard; name = Base; path = Base.lproj/LaunchScreen.storyboard; sourceTree = "<group>"; };
		ABA95EFE1EACE9D7005892EC /* Info.plist */ = {isa = PBXFileReference; lastKnownFileType = text.plist.xml; path = Info.plist; sourceTree = "<group>"; };
/* End PBXFileReference section */

/* Begin PBXFrameworksBuildPhase section */
		ABA95EEC1EACE9D7005892EC /* Frameworks */ = {
			isa = PBXFrameworksBuildPhase;
			buildActionMask = 2147483647;
			files = (
			);
			runOnlyForDeploymentPostprocessing = 0;
		};
/* End PBXFrameworksBuildPhase section */

/* Begin PBXGroup section */
		ABA95EE61EACE9D7005892EC = {
			isa = PBXGroup;
			children = (
				ABA95EF11EACE9D7005892EC /* WishMaker */,
				ABA95EF01EACE9D7005892EC /* Products */,
			);
			sourceTree = "<group>";
		};
		ABA95EF01EACE9D7005892EC /* Products */ = {
			isa = PBXGroup;
			children = (
				ABA95EEF1EACE9D7005892EC /* WishMaker.app */,
			);
			name = Products;
			sourceTree = "<group>";
		};
		ABA95EF11EACE9D7005892EC /* WishMaker */ = {
			isa = PBXGroup;
			children = (
				ABA95EF21EACE9D7005892EC /* AppDelegate.swift */,
				ABA95EF41EACE9D7005892EC /* ViewController.swift */,
				ABA95EF61EACE9D7005892EC /* Main.storyboard */,
				ABA95EF91EACE9D7005892EC /* Assets.xcassets */,
				ABA95EFB1EACE9D7005892EC /* LaunchScreen.storyboard */,
				ABA95EFE1EACE9D7005892EC /* Info.plist */,
			);
			path = WishMaker;
			sourceTree = "<group>";
		};
/* End PBXGroup section */

/* Begin PBXNativeTarget section */
		ABA95EEE1EACE9D7005892EC /* WishMaker */ = {
			isa = PBXNativeTarget;
			buildConfigurationList = ABA95F011EACE9D7005892EC /* Build configuration list for PBXNativeTarget "WishMaker" */;
			buildPhases = (
				ABA95EEB1EACE9D7005892EC /* Sources */,
				ABA95EEC1EACE9D7005892EC /* Frameworks */,
				ABA95EED1EACE9D7005892EC /* Resources */,
			);
			buildRules = (
			);
			dependencies = (
			);
			name = WishMaker;
			productName = WishMaker;
			productReference = ABA95EEF1EACE9D7005892EC /* WishMaker.app */;
			productType = "com.apple.product-type.application";
		};
/* End PBXNativeTarget section */

/* Begin PBXProject section */
		ABA95EE71EACE9D7005892EC /* Project object */ = {
			isa = PBXProject;
			attributes = {
				LastSwiftUpdateCheck = 0820;
				LastUpgradeCheck = 0820;
				ORGANIZATIONNAME = mmcs;
				TargetAttributes = {
					ABA95EEE1EACE9D7005892EC = {
						CreatedOnToolsVersion = 8.2.1;
						ProvisioningStyle = Automatic;
					};
				};
			};
			buildConfigurationList = ABA95EEA1EACE9D7005892EC /* Build configuration list for PBXProject "WishMaker" */;
			compatibilityVersion = "Xcode 3.2";
			developmentRegion = English;
			hasScannedForEncodings = 0;
			knownRegions = (
				en,
				Base,
			);
			mainGroup = ABA95EE61EACE9D7005892EC;
			productRefGroup = ABA95EF01EACE9D7005892EC /* Products */;
			projectDirPath = "";
			projectRoot = "";
			targets = (
				ABA95EEE1EACE9D7005892EC /* WishMaker */,
			);
		};
/* End PBXProject section */

/* Begin PBXResourcesBuildPhase section */
		ABA95EED1EACE9D7005892EC /* Resources */ = {
			isa = PBXResourcesBuildPhase;
			buildActionMask = 2147483647;
			files = (
				ABA95EFD1EACE9D7005892EC /* LaunchScreen.storyboard in Resources */,
				ABA95EFA1EACE9D7005892EC /* Assets.xcassets in Resources */,
				ABA95EF81EACE9D7005892EC /* Main.storyboard in Resources */,
			);
			runOnlyForDeploymentPostprocessing = 0;
		};
/* End PBXResourcesBuildPhase section */

/* Begin PBXSourcesBuildPhase section */
		ABA95EEB1EACE9D7005892EC /* Sources */ = {
			isa = PBXSourcesBuildPhase;
			buildActionMask = 2147483647;
			files = (
				ABA95EF51EACE9D7005892EC /* ViewController.swift in Sources */,
				ABA95EF31EACE9D7005892EC /* AppDelegate.swift in Sources */,
			);
			runOnlyForDeploymentPostprocessing = 0;
		};
/* End PBXSourcesBuildPhase section */

/* Begin PBXVariantGroup section */
		ABA95EF61EACE9D7005892EC /* Main.storyboard */ = {
			isa = PBXVariantGroup;
			children = (
				ABA95EF71EACE9D7005892EC /* Base */,
			);
			name = Main.storyboard;
			sourceTree = "<group>";
		};
		ABA95EFB1EACE9D7005892EC /* LaunchScreen.storyboard */ = {
			isa = PBXVariantGroup;
			children = (
				ABA95EFC1EACE9D7005892EC /* Base */,
			);
			name = LaunchScreen.storyboard;
			sourceTree = "<group>";
		};
/* End PBXVariantGroup section */

/* Begin XCBuildConfiguration section */
		ABA95EFF1EACE9D7005892EC /* Debug */ = {
			isa = XCBuildConfiguration;
			buildSettings = {
				ALWAYS_SEARCH_USER_PATHS = NO;
				CLANG_ANALYZER_NONNULL = YES;
				CLANG_CXX_LANGUAGE_STANDARD = "gnu++0x";
				CLANG_CXX_LIBRARY = "libc++";
				CLANG_ENABLE_MODULES = YES;
				CLANG_ENABLE_OBJC_ARC = YES;
				CLANG_WARN_BOOL_CONVERSION = YES;
				CLANG_WARN_CONSTANT_CONVERSION = YES;
				CLANG_WARN_DIRECT_OBJC_ISA_USAGE = YES_ERROR;
				CLANG_WARN_DOCUMENTATION_COMMENTS = YES;
				CLANG_WARN_EMPTY_BODY = YES;
				CLANG_WARN_ENUM_CONVERSION = YES;
				CLANG_WARN_INFINITE_RECURSION = YES;
				CLANG_WARN_INT_CONVERSION = YES;
				CLANG_WARN_OBJC_ROOT_CLASS = YES_ERROR;
				CLANG_WARN_SUSPICIOUS_MOVE = YES;
				CLANG_WARN_UNREACHABLE_CODE = YES;
				CLANG_WARN__DUPLICATE_METHOD_MATCH = YES;
				"CODE_SIGN_IDENTITY[sdk=iphoneos*]" = "iPhone Developer";
				COPY_PHASE_STRIP = NO;
				DEBUG_INFORMATION_FORMAT = dwarf;
				ENABLE_STRICT_OBJC_MSGSEND = YES;
				ENABLE_TESTABILITY = YES;
				GCC_C_LANGUAGE_STANDARD = gnu99;
				GCC_DYNAMIC_NO_PIC = NO;
				GCC_NO_COMMON_BLOCKS = YES;
				GCC_OPTIMIZATION_LEVEL = 0;
				GCC_PREPROCESSOR_DEFINITIONS = (
					"DEBUG=1",
					"$(inherited)",
				);
				GCC_WARN_64_TO_32_BIT_CONVERSION = YES;
				GCC_WARN_ABOUT_RETURN_TYPE = YES_ERROR;
				GCC_WARN_UNDECLARED_SELECTOR = YES;
				GCC_WARN_UNINITIALIZED_AUTOS = YES_AGGRESSIVE;
				GCC_WARN_UNUSED_FUNCTION = YES;
				GCC_WARN_UNUSED_VARIABLE = YES;
				IPHONEOS_DEPLOYMENT_TARGET = 10.2;
				MTL_ENABLE_DEBUG_INFO = YES;
				ONLY_ACTIVE_ARCH = YES;
				SDKROOT = iphoneos;
				SWIFT_ACTIVE_COMPILATION_CONDITIONS = DEBUG;
				SWIFT_OPTIMIZATION_LEVEL = "-Onone";
				TARGETED_DEVICE_FAMILY = "1,2";
			};
			name = Debug;
		};
		ABA95F001EACE9D7005892EC /* Release */ = {
			isa = XCBuildConfiguration;
			buildSettings = {
				ALWAYS_SEARCH_USER_PATHS = NO;
				CLANG_ANALYZER_NONNULL = YES;
				CLANG_CXX_LANGUAGE_STANDARD = "gnu++0x";
				CLANG_CXX_LIBRARY = "libc++";
				CLANG_ENABLE_MODULES = YES;
				CLANG_ENABLE_OBJC_ARC = YES;
				CLANG_WARN_BOOL_CONVERSION = YES;
				CLANG_WARN_CONSTANT_CONVERSION = YES;
				CLANG_WARN_DIRECT_OBJC_ISA_USAGE = YES_ERROR;
				CLANG_WARN_DOCUMENTATION_COMMENTS = YES;
				CLANG_WARN_EMPTY_BODY = YES;
				CLANG_WARN_ENUM_CONVERSION = YES;
				CLANG_WARN_INFINITE_RECURSION = YES;
				CLANG_WARN_INT_CONVERSION = YES;
				CLANG_WARN_OBJC_ROOT_CLASS = YES_ERROR;
				CLANG_WARN_SUSPICIOUS_MOVE = YES;
				CLANG_WARN_UNREACHABLE_CODE = YES;
				CLANG_WARN__DUPLICATE_METHOD_MATCH = YES;
				"CODE_SIGN_IDENTITY[sdk=iphoneos*]" = "iPhone Developer";
				COPY_PHASE_STRIP = NO;
				DEBUG_INFORMATION_FORMAT = "dwarf-with-dsym";
				ENABLE_NS_ASSERTIONS = NO;
				ENABLE_STRICT_OBJC_MSGSEND = YES;
				GCC_C_LANGUAGE_STANDARD = gnu99;
				GCC_NO_COMMON_BLOCKS = YES;
				GCC_WARN_64_TO_32_BIT_CONVERSION = YES;
				GCC_WARN_ABOUT_RETURN_TYPE = YES_ERROR;
				GCC_WARN_UNDECLARED_SELECTOR = YES;
				GCC_WARN_UNINITIALIZED_AUTOS = YES_AGGRESSIVE;
				GCC_WARN_UNUSED_FUNCTION = YES;
				GCC_WARN_UNUSED_VARIABLE = YES;
				IPHONEOS_DEPLOYMENT_TARGET = 10.2;
				MTL_ENABLE_DEBUG_INFO = NO;
				SDKROOT = iphoneos;
				SWIFT_OPTIMIZATION_LEVEL = "-Owholemodule";
				TARGETED_DEVICE_FAMILY = "1,2";
				VALIDATE_PRODUCT = YES;
			};
			name = Release;
		};
		ABA95F021EACE9D7005892EC /* Debug */ = {
			isa = XCBuildConfiguration;
			buildSettings = {
				ASSETCATALOG_COMPILER_APPICON_NAME = AppIcon;
				INFOPLIST_FILE = WishMaker/Info.plist;
				LD_RUNPATH_SEARCH_PATHS = "$(inherited) @executable_path/Frameworks";
				PRODUCT_BUNDLE_IDENTIFIER = cs333.edu.mmcs.sfedu.ru.WishMaker;
				PRODUCT_NAME = "$(TARGET_NAME)";
				SWIFT_VERSION = 3.0;
			};
			name = Debug;
		};
		ABA95F031EACE9D7005892EC /* Release */ = {
			isa = XCBuildConfiguration;
			buildSettings = {
				ASSETCATALOG_COMPILER_APPICON_NAME = AppIcon;
				INFOPLIST_FILE = WishMaker/Info.plist;
				LD_RUNPATH_SEARCH_PATHS = "$(inherited) @executable_path/Frameworks";
				PRODUCT_BUNDLE_IDENTIFIER = cs333.edu.mmcs.sfedu.ru.WishMaker;
				PRODUCT_NAME = "$(TARGET_NAME)";
				SWIFT_VERSION = 3.0;
			};
			name = Release;
		};
/* End XCBuildConfiguration section */

/* Begin XCConfigurationList section */
		ABA95EEA1EACE9D7005892EC /* Build configuration list for PBXProject "WishMaker" */ = {
			isa = XCConfigurationList;
			buildConfigurations = (
				ABA95EFF1EACE9D7005892EC /* Debug */,
				ABA95F001EACE9D7005892EC /* Release */,
			);
			defaultConfigurationIsVisible = 0;
			defaultConfigurationName = Release;
		};
		ABA95F011EACE9D7005892EC /* Build configuration list for PBXNativeTarget "WishMaker" */ = {
			isa = XCConfigurationList;
			buildConfigurations = (
				ABA95F021EACE9D7005892EC /* Debug */,
				ABA95F031EACE9D7005892EC /* Release */,
			);
			defaultConfigurationIsVisible = 0;
		};
/* End XCConfigurationList section */
	};
	rootObject = ABA95EE71EACE9D7005892EC /* Project object */;
}
