// !$*UTF8*$!
{
	archiveVersion = 1;
	classes = {
	};
	objectVersion = 46;
	objects = {

/* Begin PBXBuildFile section */
		F41660721EB0E0FB008EC75D /* RegistrationController.swift in Sources */ = {isa = PBXBuildFile; fileRef = F41660711EB0E0FB008EC75D /* RegistrationController.swift */; };
		F41660741EB0E187008EC75D /* AuthorizationController.swift in Sources */ = {isa = PBXBuildFile; fileRef = F41660731EB0E187008EC75D /* AuthorizationController.swift */; };
		F41660771EB0E21A008EC75D /* ProfileController.swift in Sources */ = {isa = PBXBuildFile; fileRef = F41660761EB0E21A008EC75D /* ProfileController.swift */; };
		F42A08E51EB688C8009A5714 /* MaskFieldBrackets.swift in Sources */ = {isa = PBXBuildFile; fileRef = F42A08E41EB688C8009A5714 /* MaskFieldBrackets.swift */; };
		F42A08E71EB688FF009A5714 /* MaskFieldEvent.swift in Sources */ = {isa = PBXBuildFile; fileRef = F42A08E61EB688FF009A5714 /* MaskFieldEvent.swift */; };
		F42A08E91EB68946009A5714 /* MaskFieldPatternCharacter.swift in Sources */ = {isa = PBXBuildFile; fileRef = F42A08E81EB68946009A5714 /* MaskFieldPatternCharacter.swift */; };
		F42A08EB1EB68978009A5714 /* MaskFieldStatus.swift in Sources */ = {isa = PBXBuildFile; fileRef = F42A08EA1EB68978009A5714 /* MaskFieldStatus.swift */; };
		F42A08ED1EB689A9009A5714 /* MaskFieldUtility.swift in Sources */ = {isa = PBXBuildFile; fileRef = F42A08EC1EB689A9009A5714 /* MaskFieldUtility.swift */; };
		F42A08EF1EB693C7009A5714 /* ItemController.swift in Sources */ = {isa = PBXBuildFile; fileRef = F42A08EE1EB693C7009A5714 /* ItemController.swift */; };
		F4D12A961EB6747300B549BF /* SearchController.swift in Sources */ = {isa = PBXBuildFile; fileRef = F4D12A951EB6747300B549BF /* SearchController.swift */; };
		F4D12A9D1EB6857400B549BF /* MaskField.swift in Sources */ = {isa = PBXBuildFile; fileRef = F4D12A9C1EB6857400B549BF /* MaskField.swift */; };
		F4D12A9F1EB6866900B549BF /* MaskFieldBlock.swift in Sources */ = {isa = PBXBuildFile; fileRef = F4D12A9E1EB6866900B549BF /* MaskFieldBlock.swift */; };
		F4D12AA21EB6870D00B549BF /* MaskFieldBlockCharacter.swift in Sources */ = {isa = PBXBuildFile; fileRef = F4D12AA11EB6870D00B549BF /* MaskFieldBlockCharacter.swift */; };
		F4DEED6B1EACE2B100899DE2 /* AppDelegate.swift in Sources */ = {isa = PBXBuildFile; fileRef = F4DEED6A1EACE2B100899DE2 /* AppDelegate.swift */; };
		F4DEED6D1EACE2B100899DE2 /* ViewController.swift in Sources */ = {isa = PBXBuildFile; fileRef = F4DEED6C1EACE2B100899DE2 /* ViewController.swift */; };
		F4DEED701EACE2B100899DE2 /* Main.storyboard in Resources */ = {isa = PBXBuildFile; fileRef = F4DEED6E1EACE2B100899DE2 /* Main.storyboard */; };
		F4DEED721EACE2B100899DE2 /* Assets.xcassets in Resources */ = {isa = PBXBuildFile; fileRef = F4DEED711EACE2B100899DE2 /* Assets.xcassets */; };
		F4DEED751EACE2B100899DE2 /* LaunchScreen.storyboard in Resources */ = {isa = PBXBuildFile; fileRef = F4DEED731EACE2B100899DE2 /* LaunchScreen.storyboard */; };
/* End PBXBuildFile section */

/* Begin PBXFileReference section */
		F41660711EB0E0FB008EC75D /* RegistrationController.swift */ = {isa = PBXFileReference; fileEncoding = 4; lastKnownFileType = sourcecode.swift; path = RegistrationController.swift; sourceTree = "<group>"; };
		F41660731EB0E187008EC75D /* AuthorizationController.swift */ = {isa = PBXFileReference; fileEncoding = 4; lastKnownFileType = sourcecode.swift; path = AuthorizationController.swift; sourceTree = "<group>"; };
		F41660761EB0E21A008EC75D /* ProfileController.swift */ = {isa = PBXFileReference; fileEncoding = 4; lastKnownFileType = sourcecode.swift; path = ProfileController.swift; sourceTree = "<group>"; };
		F42A08E41EB688C8009A5714 /* MaskFieldBrackets.swift */ = {isa = PBXFileReference; fileEncoding = 4; lastKnownFileType = sourcecode.swift; path = MaskFieldBrackets.swift; sourceTree = "<group>"; };
		F42A08E61EB688FF009A5714 /* MaskFieldEvent.swift */ = {isa = PBXFileReference; fileEncoding = 4; lastKnownFileType = sourcecode.swift; path = MaskFieldEvent.swift; sourceTree = "<group>"; };
		F42A08E81EB68946009A5714 /* MaskFieldPatternCharacter.swift */ = {isa = PBXFileReference; fileEncoding = 4; lastKnownFileType = sourcecode.swift; path = MaskFieldPatternCharacter.swift; sourceTree = "<group>"; };
		F42A08EA1EB68978009A5714 /* MaskFieldStatus.swift */ = {isa = PBXFileReference; fileEncoding = 4; lastKnownFileType = sourcecode.swift; path = MaskFieldStatus.swift; sourceTree = "<group>"; };
		F42A08EC1EB689A9009A5714 /* MaskFieldUtility.swift */ = {isa = PBXFileReference; fileEncoding = 4; lastKnownFileType = sourcecode.swift; path = MaskFieldUtility.swift; sourceTree = "<group>"; };
		F42A08EE1EB693C7009A5714 /* ItemController.swift */ = {isa = PBXFileReference; fileEncoding = 4; lastKnownFileType = sourcecode.swift; path = ItemController.swift; sourceTree = "<group>"; };
		F4D12A951EB6747300B549BF /* SearchController.swift */ = {isa = PBXFileReference; fileEncoding = 4; lastKnownFileType = sourcecode.swift; path = SearchController.swift; sourceTree = "<group>"; };
		F4D12A9C1EB6857400B549BF /* MaskField.swift */ = {isa = PBXFileReference; fileEncoding = 4; lastKnownFileType = sourcecode.swift; path = MaskField.swift; sourceTree = "<group>"; };
		F4D12A9E1EB6866900B549BF /* MaskFieldBlock.swift */ = {isa = PBXFileReference; fileEncoding = 4; lastKnownFileType = sourcecode.swift; path = MaskFieldBlock.swift; sourceTree = "<group>"; };
		F4D12AA01EB686C900B549BF /* MaskField.h */ = {isa = PBXFileReference; fileEncoding = 4; lastKnownFileType = sourcecode.c.h; path = MaskField.h; sourceTree = "<group>"; };
		F4D12AA11EB6870D00B549BF /* MaskFieldBlockCharacter.swift */ = {isa = PBXFileReference; fileEncoding = 4; lastKnownFileType = sourcecode.swift; path = MaskFieldBlockCharacter.swift; sourceTree = "<group>"; };
		F4DEED671EACE2B100899DE2 /* WishMaker.app */ = {isa = PBXFileReference; explicitFileType = wrapper.application; includeInIndex = 0; path = WishMaker.app; sourceTree = BUILT_PRODUCTS_DIR; };
		F4DEED6A1EACE2B100899DE2 /* AppDelegate.swift */ = {isa = PBXFileReference; lastKnownFileType = sourcecode.swift; path = AppDelegate.swift; sourceTree = "<group>"; };
		F4DEED6C1EACE2B100899DE2 /* ViewController.swift */ = {isa = PBXFileReference; lastKnownFileType = sourcecode.swift; path = ViewController.swift; sourceTree = "<group>"; };
		F4DEED6F1EACE2B100899DE2 /* Base */ = {isa = PBXFileReference; lastKnownFileType = file.storyboard; name = Base; path = Base.lproj/Main.storyboard; sourceTree = "<group>"; };
		F4DEED711EACE2B100899DE2 /* Assets.xcassets */ = {isa = PBXFileReference; lastKnownFileType = folder.assetcatalog; path = Assets.xcassets; sourceTree = "<group>"; };
		F4DEED741EACE2B100899DE2 /* Base */ = {isa = PBXFileReference; lastKnownFileType = file.storyboard; name = Base; path = Base.lproj/LaunchScreen.storyboard; sourceTree = "<group>"; };
		F4DEED761EACE2B100899DE2 /* Info.plist */ = {isa = PBXFileReference; lastKnownFileType = text.plist.xml; path = Info.plist; sourceTree = "<group>"; };
/* End PBXFileReference section */

/* Begin PBXFrameworksBuildPhase section */
		F4DEED641EACE2B100899DE2 /* Frameworks */ = {
			isa = PBXFrameworksBuildPhase;
			buildActionMask = 2147483647;
			files = (
			);
			runOnlyForDeploymentPostprocessing = 0;
		};
/* End PBXFrameworksBuildPhase section */

/* Begin PBXGroup section */
		F41660751EB0E1B2008EC75D /* Controllers */ = {
			isa = PBXGroup;
			children = (
				F41660731EB0E187008EC75D /* AuthorizationController.swift */,
				F41660711EB0E0FB008EC75D /* RegistrationController.swift */,
				F41660761EB0E21A008EC75D /* ProfileController.swift */,
				F4D12A951EB6747300B549BF /* SearchController.swift */,
				F42A08EE1EB693C7009A5714 /* ItemController.swift */,
			);
			name = Controllers;
			sourceTree = "<group>";
		};
		F4D12A9B1EB6854000B549BF /* PhoneTextField */ = {
			isa = PBXGroup;
			children = (
				F4D12A9C1EB6857400B549BF /* MaskField.swift */,
				F4D12A9E1EB6866900B549BF /* MaskFieldBlock.swift */,
				F4D12AA01EB686C900B549BF /* MaskField.h */,
				F4D12AA11EB6870D00B549BF /* MaskFieldBlockCharacter.swift */,
				F42A08E41EB688C8009A5714 /* MaskFieldBrackets.swift */,
				F42A08E61EB688FF009A5714 /* MaskFieldEvent.swift */,
				F42A08E81EB68946009A5714 /* MaskFieldPatternCharacter.swift */,
				F42A08EA1EB68978009A5714 /* MaskFieldStatus.swift */,
				F42A08EC1EB689A9009A5714 /* MaskFieldUtility.swift */,
			);
			name = PhoneTextField;
			sourceTree = "<group>";
		};
		F4DEED5E1EACE2B100899DE2 = {
			isa = PBXGroup;
			children = (
				F4DEED691EACE2B100899DE2 /* WishMaker */,
				F4DEED681EACE2B100899DE2 /* Products */,
			);
			sourceTree = "<group>";
		};
		F4DEED681EACE2B100899DE2 /* Products */ = {
			isa = PBXGroup;
			children = (
				F4DEED671EACE2B100899DE2 /* WishMaker.app */,
			);
			name = Products;
			sourceTree = "<group>";
		};
		F4DEED691EACE2B100899DE2 /* WishMaker */ = {
			isa = PBXGroup;
			children = (
				F4D12A9B1EB6854000B549BF /* PhoneTextField */,
				F41660751EB0E1B2008EC75D /* Controllers */,
				F4DEED6A1EACE2B100899DE2 /* AppDelegate.swift */,
				F4DEED6C1EACE2B100899DE2 /* ViewController.swift */,
				F4DEED6E1EACE2B100899DE2 /* Main.storyboard */,
				F4DEED711EACE2B100899DE2 /* Assets.xcassets */,
				F4DEED731EACE2B100899DE2 /* LaunchScreen.storyboard */,
				F4DEED761EACE2B100899DE2 /* Info.plist */,
			);
			name = WishMaker;
			path = "Сustomer";
			sourceTree = "<group>";
		};
/* End PBXGroup section */

/* Begin PBXNativeTarget section */
		F4DEED661EACE2B100899DE2 /* WishMaker */ = {
			isa = PBXNativeTarget;
			buildConfigurationList = F4DEED791EACE2B100899DE2 /* Build configuration list for PBXNativeTarget "WishMaker" */;
			buildPhases = (
				F4DEED631EACE2B100899DE2 /* Sources */,
				F4DEED641EACE2B100899DE2 /* Frameworks */,
				F4DEED651EACE2B100899DE2 /* Resources */,
			);
			buildRules = (
			);
			dependencies = (
			);
			name = WishMaker;
			productName = "Сustomer";
			productReference = F4DEED671EACE2B100899DE2 /* WishMaker.app */;
			productType = "com.apple.product-type.application";
		};
/* End PBXNativeTarget section */

/* Begin PBXProject section */
		F4DEED5F1EACE2B100899DE2 /* Project object */ = {
			isa = PBXProject;
			attributes = {
				LastSwiftUpdateCheck = 0820;
				LastUpgradeCheck = 0820;
				ORGANIZATIONNAME = Company;
				TargetAttributes = {
					F4DEED661EACE2B100899DE2 = {
						CreatedOnToolsVersion = 8.2.1;
						ProvisioningStyle = Automatic;
					};
				};
			};
			buildConfigurationList = F4DEED621EACE2B100899DE2 /* Build configuration list for PBXProject "WishMaker" */;
			compatibilityVersion = "Xcode 3.2";
			developmentRegion = English;
			hasScannedForEncodings = 0;
			knownRegions = (
				en,
				Base,
			);
			mainGroup = F4DEED5E1EACE2B100899DE2;
			productRefGroup = F4DEED681EACE2B100899DE2 /* Products */;
			projectDirPath = "";
			projectRoot = "";
			targets = (
				F4DEED661EACE2B100899DE2 /* WishMaker */,
			);
		};
/* End PBXProject section */

/* Begin PBXResourcesBuildPhase section */
		F4DEED651EACE2B100899DE2 /* Resources */ = {
			isa = PBXResourcesBuildPhase;
			buildActionMask = 2147483647;
			files = (
				F4DEED751EACE2B100899DE2 /* LaunchScreen.storyboard in Resources */,
				F4DEED721EACE2B100899DE2 /* Assets.xcassets in Resources */,
				F4DEED701EACE2B100899DE2 /* Main.storyboard in Resources */,
			);
			runOnlyForDeploymentPostprocessing = 0;
		};
/* End PBXResourcesBuildPhase section */

/* Begin PBXSourcesBuildPhase section */
		F4DEED631EACE2B100899DE2 /* Sources */ = {
			isa = PBXSourcesBuildPhase;
			buildActionMask = 2147483647;
			files = (
				F4D12A9F1EB6866900B549BF /* MaskFieldBlock.swift in Sources */,
				F42A08ED1EB689A9009A5714 /* MaskFieldUtility.swift in Sources */,
				F42A08E51EB688C8009A5714 /* MaskFieldBrackets.swift in Sources */,
				F41660771EB0E21A008EC75D /* ProfileController.swift in Sources */,
				F4D12A961EB6747300B549BF /* SearchController.swift in Sources */,
				F4D12A9D1EB6857400B549BF /* MaskField.swift in Sources */,
				F42A08E91EB68946009A5714 /* MaskFieldPatternCharacter.swift in Sources */,
				F4DEED6D1EACE2B100899DE2 /* ViewController.swift in Sources */,
				F41660741EB0E187008EC75D /* AuthorizationController.swift in Sources */,
				F41660721EB0E0FB008EC75D /* RegistrationController.swift in Sources */,
				F42A08EB1EB68978009A5714 /* MaskFieldStatus.swift in Sources */,
				F4DEED6B1EACE2B100899DE2 /* AppDelegate.swift in Sources */,
				F42A08E71EB688FF009A5714 /* MaskFieldEvent.swift in Sources */,
				F42A08EF1EB693C7009A5714 /* ItemController.swift in Sources */,
				F4D12AA21EB6870D00B549BF /* MaskFieldBlockCharacter.swift in Sources */,
			);
			runOnlyForDeploymentPostprocessing = 0;
		};
/* End PBXSourcesBuildPhase section */

/* Begin PBXVariantGroup section */
		F4DEED6E1EACE2B100899DE2 /* Main.storyboard */ = {
			isa = PBXVariantGroup;
			children = (
				F4DEED6F1EACE2B100899DE2 /* Base */,
			);
			name = Main.storyboard;
			sourceTree = "<group>";
		};
		F4DEED731EACE2B100899DE2 /* LaunchScreen.storyboard */ = {
			isa = PBXVariantGroup;
			children = (
				F4DEED741EACE2B100899DE2 /* Base */,
			);
			name = LaunchScreen.storyboard;
			sourceTree = "<group>";
		};
/* End PBXVariantGroup section */

/* Begin XCBuildConfiguration section */
		F4DEED771EACE2B100899DE2 /* Debug */ = {
			isa = XCBuildConfiguration;
			buildSettings = {
				ALWAYS_SEARCH_USER_PATHS = NO;
				CLANG_ANALYZER_NONNULL = YES;
				CLANG_CXX_LANGUAGE_STANDARD = "gnu++0x";
				CLANG_CXX_LIBRARY = "libc++";
				CLANG_ENABLE_MODULES = YES;
				CLANG_ENABLE_OBJC_ARC = YES;
				CLANG_WARN_BOOL_CONVERSION = YES;
				CLANG_WARN_CONSTANT_CONVERSION = YES;
				CLANG_WARN_DIRECT_OBJC_ISA_USAGE = YES_ERROR;
				CLANG_WARN_DOCUMENTATION_COMMENTS = YES;
				CLANG_WARN_EMPTY_BODY = YES;
				CLANG_WARN_ENUM_CONVERSION = YES;
				CLANG_WARN_INFINITE_RECURSION = YES;
				CLANG_WARN_INT_CONVERSION = YES;
				CLANG_WARN_OBJC_ROOT_CLASS = YES_ERROR;
				CLANG_WARN_SUSPICIOUS_MOVE = YES;
				CLANG_WARN_UNREACHABLE_CODE = YES;
				CLANG_WARN__DUPLICATE_METHOD_MATCH = YES;
				"CODE_SIGN_IDENTITY[sdk=iphoneos*]" = "iPhone Developer";
				COPY_PHASE_STRIP = NO;
				DEBUG_INFORMATION_FORMAT = dwarf;
				ENABLE_STRICT_OBJC_MSGSEND = YES;
				ENABLE_TESTABILITY = YES;
				GCC_C_LANGUAGE_STANDARD = gnu99;
				GCC_DYNAMIC_NO_PIC = NO;
				GCC_NO_COMMON_BLOCKS = YES;
				GCC_OPTIMIZATION_LEVEL = 0;
				GCC_PREPROCESSOR_DEFINITIONS = (
					"DEBUG=1",
					"$(inherited)",
				);
				GCC_WARN_64_TO_32_BIT_CONVERSION = YES;
				GCC_WARN_ABOUT_RETURN_TYPE = YES_ERROR;
				GCC_WARN_UNDECLARED_SELECTOR = YES;
				GCC_WARN_UNINITIALIZED_AUTOS = YES_AGGRESSIVE;
				GCC_WARN_UNUSED_FUNCTION = YES;
				GCC_WARN_UNUSED_VARIABLE = YES;
				IPHONEOS_DEPLOYMENT_TARGET = 10.2;
				MTL_ENABLE_DEBUG_INFO = YES;
				ONLY_ACTIVE_ARCH = YES;
				SDKROOT = iphoneos;
				SWIFT_ACTIVE_COMPILATION_CONDITIONS = DEBUG;
				SWIFT_OPTIMIZATION_LEVEL = "-Onone";
			};
			name = Debug;
		};
		F4DEED781EACE2B100899DE2 /* Release */ = {
			isa = XCBuildConfiguration;
			buildSettings = {
				ALWAYS_SEARCH_USER_PATHS = NO;
				CLANG_ANALYZER_NONNULL = YES;
				CLANG_CXX_LANGUAGE_STANDARD = "gnu++0x";
				CLANG_CXX_LIBRARY = "libc++";
				CLANG_ENABLE_MODULES = YES;
				CLANG_ENABLE_OBJC_ARC = YES;
				CLANG_WARN_BOOL_CONVERSION = YES;
				CLANG_WARN_CONSTANT_CONVERSION = YES;
				CLANG_WARN_DIRECT_OBJC_ISA_USAGE = YES_ERROR;
				CLANG_WARN_DOCUMENTATION_COMMENTS = YES;
				CLANG_WARN_EMPTY_BODY = YES;
				CLANG_WARN_ENUM_CONVERSION = YES;
				CLANG_WARN_INFINITE_RECURSION = YES;
				CLANG_WARN_INT_CONVERSION = YES;
				CLANG_WARN_OBJC_ROOT_CLASS = YES_ERROR;
				CLANG_WARN_SUSPICIOUS_MOVE = YES;
				CLANG_WARN_UNREACHABLE_CODE = YES;
				CLANG_WARN__DUPLICATE_METHOD_MATCH = YES;
				"CODE_SIGN_IDENTITY[sdk=iphoneos*]" = "iPhone Developer";
				COPY_PHASE_STRIP = NO;
				DEBUG_INFORMATION_FORMAT = "dwarf-with-dsym";
				ENABLE_NS_ASSERTIONS = NO;
				ENABLE_STRICT_OBJC_MSGSEND = YES;
				GCC_C_LANGUAGE_STANDARD = gnu99;
				GCC_NO_COMMON_BLOCKS = YES;
				GCC_WARN_64_TO_32_BIT_CONVERSION = YES;
				GCC_WARN_ABOUT_RETURN_TYPE = YES_ERROR;
				GCC_WARN_UNDECLARED_SELECTOR = YES;
				GCC_WARN_UNINITIALIZED_AUTOS = YES_AGGRESSIVE;
				GCC_WARN_UNUSED_FUNCTION = YES;
				GCC_WARN_UNUSED_VARIABLE = YES;
				IPHONEOS_DEPLOYMENT_TARGET = 10.2;
				MTL_ENABLE_DEBUG_INFO = NO;
				SDKROOT = iphoneos;
				SWIFT_OPTIMIZATION_LEVEL = "-Owholemodule";
				VALIDATE_PRODUCT = YES;
			};
			name = Release;
		};
		F4DEED7A1EACE2B100899DE2 /* Debug */ = {
			isa = XCBuildConfiguration;
			buildSettings = {
				ASSETCATALOG_COMPILER_APPICON_NAME = AppIcon;
				INFOPLIST_FILE = "Сustomer/Info.plist";
				IPHONEOS_DEPLOYMENT_TARGET = 9.3;
				LD_RUNPATH_SEARCH_PATHS = "$(inherited) @executable_path/Frameworks";
				PRODUCT_BUNDLE_IDENTIFIER = "ru.sfedu.-ustomer";
				PRODUCT_NAME = "$(TARGET_NAME)";
				SWIFT_VERSION = 3.0;
				TARGETED_DEVICE_FAMILY = "1,2";
			};
			name = Debug;
		};
		F4DEED7B1EACE2B100899DE2 /* Release */ = {
			isa = XCBuildConfiguration;
			buildSettings = {
				ASSETCATALOG_COMPILER_APPICON_NAME = AppIcon;
				INFOPLIST_FILE = "Сustomer/Info.plist";
				IPHONEOS_DEPLOYMENT_TARGET = 9.3;
				LD_RUNPATH_SEARCH_PATHS = "$(inherited) @executable_path/Frameworks";
				PRODUCT_BUNDLE_IDENTIFIER = "ru.sfedu.-ustomer";
				PRODUCT_NAME = "$(TARGET_NAME)";
				SWIFT_VERSION = 3.0;
				TARGETED_DEVICE_FAMILY = "1,2";
			};
			name = Release;
		};
/* End XCBuildConfiguration section */

/* Begin XCConfigurationList section */
		F4DEED621EACE2B100899DE2 /* Build configuration list for PBXProject "WishMaker" */ = {
			isa = XCConfigurationList;
			buildConfigurations = (
				F4DEED771EACE2B100899DE2 /* Debug */,
				F4DEED781EACE2B100899DE2 /* Release */,
			);
			defaultConfigurationIsVisible = 0;
			defaultConfigurationName = Release;
		};
		F4DEED791EACE2B100899DE2 /* Build configuration list for PBXNativeTarget "WishMaker" */ = {
			isa = XCConfigurationList;
			buildConfigurations = (
				F4DEED7A1EACE2B100899DE2 /* Debug */,
				F4DEED7B1EACE2B100899DE2 /* Release */,
			);
			defaultConfigurationIsVisible = 0;
			defaultConfigurationName = Release;
		};
/* End XCConfigurationList section */
	};
	rootObject = F4DEED5F1EACE2B100899DE2 /* Project object */;
}
